
Microsoft Visual Studio Solution File, Format Version 12.00
# Visual Studio Version 16
VisualStudioVersion = 16.0.31019.35
MinimumVisualStudioVersion = 10.0.40219.1
Project("{FAE04EC0-301F-11D3-BF4B-00C04F79EFBC}") = "DataAccess", "DataAccess\DataAccess.csproj", "{C427A58C-2979-416C-95D2-C9DE2A40CE2A}"
EndProject
Project("{FAE04EC0-301F-11D3-BF4B-00C04F79EFBC}") = "Business", "Business\Business.csproj", "{9B0340D3-AB2A-4DF1-89DC-C03A40500AE3}"
EndProject
Project("{FAE04EC0-301F-11D3-BF4B-00C04F79EFBC}") = "Entities", "Entities\Entities.csproj", "{0D324540-294E-4933-B31C-A849A08A36F3}"
EndProject
Project("{FAE04EC0-301F-11D3-BF4B-00C04F79EFBC}") = "ConsoleUI", "ConsoleUI\ConsoleUI.csproj", "{95E86307-DC9E-4097-BFB0-91F73A577C89}"
EndProject
Global
	GlobalSection(SolutionConfigurationPlatforms) = preSolution
		Debug|Any CPU = Debug|Any CPU
		Release|Any CPU = Release|Any CPU
	EndGlobalSection
	GlobalSection(ProjectConfigurationPlatforms) = postSolution
		{C427A58C-2979-416C-95D2-C9DE2A40CE2A}.Debug|Any CPU.ActiveCfg = Debug|Any CPU
		{C427A58C-2979-416C-95D2-C9DE2A40CE2A}.Debug|Any CPU.Build.0 = Debug|Any CPU
		{C427A58C-2979-416C-95D2-C9DE2A40CE2A}.Release|Any CPU.ActiveCfg = Release|Any CPU
		{C427A58C-2979-416C-95D2-C9DE2A40CE2A}.Release|Any CPU.Build.0 = Release|Any CPU
		{9B0340D3-AB2A-4DF1-89DC-C03A40500AE3}.Debug|Any CPU.ActiveCfg = Debug|Any CPU
		{9B0340D3-AB2A-4DF1-89DC-C03A40500AE3}.Debug|Any CPU.Build.0 = Debug|Any CPU
		{9B0340D3-AB2A-4DF1-89DC-C03A40500AE3}.Release|Any CPU.ActiveCfg = Release|Any CPU
		{9B0340D3-AB2A-4DF1-89DC-C03A40500AE3}.Release|Any CPU.Build.0 = Release|Any CPU
		{0D324540-294E-4933-B31C-A849A08A36F3}.Debug|Any CPU.ActiveCfg = Debug|Any CPU
		{0D324540-294E-4933-B31C-A849A08A36F3}.Debug|Any CPU.Build.0 = Debug|Any CPU
		{0D324540-294E-4933-B31C-A849A08A36F3}.Release|Any CPU.ActiveCfg = Release|Any CPU
		{0D324540-294E-4933-B31C-A849A08A36F3}.Release|Any CPU.Build.0 = Release|Any CPU
		{95E86307-DC9E-4097-BFB0-91F73A577C89}.Debug|Any CPU.ActiveCfg = Debug|Any CPU
		{95E86307-DC9E-4097-BFB0-91F73A577C89}.Debug|Any CPU.Build.0 = Debug|Any CPU
		{95E86307-DC9E-4097-BFB0-91F73A577C89}.Release|Any CPU.ActiveCfg = Release|Any CPU
		{95E86307-DC9E-4097-BFB0-91F73A577C89}.Release|Any CPU.Build.0 = Release|Any CPU
	EndGlobalSection
	GlobalSection(SolutionProperties) = preSolution
		HideSolutionNode = FALSE
	EndGlobalSection
	GlobalSection(ExtensibilityGlobals) = postSolution
		SolutionGuid = {F17F8996-2CB9-401C-B937-B0E34FCAC6F3}
	EndGlobalSection
EndGlobal
